
Microsoft Visual Studio Solution File, Format Version 12.00
# Visual Studio Version 16
VisualStudioVersion = 16.0.29411.108
MinimumVisualStudioVersion = 10.0.40219.1
Project("{9A19103F-16F7-4668-BE54-9A1E7A4F7556}") = "SixLetterWordExercise", "SixLetterWordExercise\SixLetterWordExercise.csproj", "{DA67B8E1-F727-4F30-BACB-13811C8950CD}"
EndProject
Project("{2150E333-8FDC-42A3-9474-1A3956D46DE8}") = "Tests", "Tests", "{CDF83776-CE24-4647-B387-0C3456819673}"
EndProject
Project("{9A19103F-16F7-4668-BE54-9A1E7A4F7556}") = "StringUtilities", "StringUtilities\StringUtilities.csproj", "{CD39DC47-013F-4E76-9E9C-36C6F0DF7866}"
EndProject
Project("{9A19103F-16F7-4668-BE54-9A1E7A4F7556}") = "StringUtilities.Tests", "Tests\StringUtilities.Tests\StringUtilities.Tests.csproj", "{72C7A766-C0A9-4662-869C-397E4AF04881}"
EndProject
Global
	GlobalSection(SolutionConfigurationPlatforms) = preSolution
		Debug|Any CPU = Debug|Any CPU
		Release|Any CPU = Release|Any CPU
	EndGlobalSection
	GlobalSection(ProjectConfigurationPlatforms) = postSolution
		{DA67B8E1-F727-4F30-BACB-13811C8950CD}.Debug|Any CPU.ActiveCfg = Debug|Any CPU
		{DA67B8E1-F727-4F30-BACB-13811C8950CD}.Debug|Any CPU.Build.0 = Debug|Any CPU
		{DA67B8E1-F727-4F30-BACB-13811C8950CD}.Release|Any CPU.ActiveCfg = Release|Any CPU
		{DA67B8E1-F727-4F30-BACB-13811C8950CD}.Release|Any CPU.Build.0 = Release|Any CPU
		{CD39DC47-013F-4E76-9E9C-36C6F0DF7866}.Debug|Any CPU.ActiveCfg = Debug|Any CPU
		{CD39DC47-013F-4E76-9E9C-36C6F0DF7866}.Debug|Any CPU.Build.0 = Debug|Any CPU
		{CD39DC47-013F-4E76-9E9C-36C6F0DF7866}.Release|Any CPU.ActiveCfg = Release|Any CPU
		{CD39DC47-013F-4E76-9E9C-36C6F0DF7866}.Release|Any CPU.Build.0 = Release|Any CPU
		{72C7A766-C0A9-4662-869C-397E4AF04881}.Debug|Any CPU.ActiveCfg = Debug|Any CPU
		{72C7A766-C0A9-4662-869C-397E4AF04881}.Debug|Any CPU.Build.0 = Debug|Any CPU
		{72C7A766-C0A9-4662-869C-397E4AF04881}.Release|Any CPU.ActiveCfg = Release|Any CPU
		{72C7A766-C0A9-4662-869C-397E4AF04881}.Release|Any CPU.Build.0 = Release|Any CPU
	EndGlobalSection
	GlobalSection(SolutionProperties) = preSolution
		HideSolutionNode = FALSE
	EndGlobalSection
	GlobalSection(NestedProjects) = preSolution
		{72C7A766-C0A9-4662-869C-397E4AF04881} = {CDF83776-CE24-4647-B387-0C3456819673}
	EndGlobalSection
	GlobalSection(ExtensibilityGlobals) = postSolution
		SolutionGuid = {94B155AD-7584-4692-B08E-CD0D9FCA7B40}
	EndGlobalSection
EndGlobal
